
Microsoft Visual Studio Solution File, Format Version 12.00
# Visual Studio Version 17
VisualStudioVersion = 17.3.32929.385
MinimumVisualStudioVersion = 10.0.40219.1
Project("{FAE04EC0-301F-11D3-BF4B-00C04F79EFBC}") = "Training.Todo", "Training.Todo\Training.Todo.csproj", "{B1B51E80-0D48-461A-A13C-4FD76A7CC9A5}"
EndProject
Global
	GlobalSection(SolutionConfigurationPlatforms) = preSolution
		Debug|Any CPU = Debug|Any CPU
		Release|Any CPU = Release|Any CPU
	EndGlobalSection
	GlobalSection(ProjectConfigurationPlatforms) = postSolution
		{B1B51E80-0D48-461A-A13C-4FD76A7CC9A5}.Debug|Any CPU.ActiveCfg = Debug|Any CPU
		{B1B51E80-0D48-461A-A13C-4FD76A7CC9A5}.Debug|Any CPU.Build.0 = Debug|Any CPU
		{B1B51E80-0D48-461A-A13C-4FD76A7CC9A5}.Release|Any CPU.ActiveCfg = Release|Any CPU
		{B1B51E80-0D48-461A-A13C-4FD76A7CC9A5}.Release|Any CPU.Build.0 = Release|Any CPU
	EndGlobalSection
	GlobalSection(SolutionProperties) = preSolution
		HideSolutionNode = FALSE
	EndGlobalSection
	GlobalSection(ExtensibilityGlobals) = postSolution
		SolutionGuid = {0E9CD5C3-7DE4-48D6-82A1-3BC19AFF726E}
	EndGlobalSection
EndGlobal
